<?xml version="1.0" encoding="UTF-8" standalone="yes"?>
<CodeBlocks_project_file>
<FileVersion major="1" minor="6" />
<Project>
<Option title="adapter_rx_2t1" />
<Option compiler="pi32v2_r3_lto_compiler" />
<Build>
<Target title="Release">
<Option output="../../../../cpu/br30_develop/tools/sdk.elf" prefix_auto="0" extension_auto="0" />
<Option object_output="obj/Release/" />
<Option type="1" />
<Option compiler="pi32v2_r3_lto_compiler" />
<Compiler>
<Add option="-Wuninitialized" />
<Add option="-Wno-invalid-noreturn" />
<Add option="-fno-common" />
<Add option="-integrated-as" />
<Add option="-Oz" />
<Add option="-g" />
<Add option="-flto" />
<Add option="-fallow-pointer-null" />
<Add option="-fprefer-gnu-section" />
<Add option="-Wno-shift-negative-value" />
<Add option="-Wundef" />
<Add option="-Wframe-larger-than=256" />
<Add option="-Wincompatible-pointer-types" />
<Add option="-Wreturn-type" />
<Add option="-Wimplicit-function-declaration" />
<Add option="-fms-extensions" />
<Add option="-DSUPPORT_MS_EXTENSIONS" />
<Add option="-w" />
<Add option="-DCONFIG_RELEASE_ENABLE" />
<Add option="-DCONFIG_CPU_BR30" />
<Add option="-DUSB_EP_PROTECT=1" />
<Add option="-DCONFIG_SUPPORT_WIFI_DETECT" />
<Add option="-DCONFIG_NEW_BREDR_ENABLE" />
<Add option="-DCONFIG_NEW_TWS_FORWARD_ENABLE" />
<Add option="-DCONFIG_FREE_RTOS_ENABLE" />
<Add option="-DCONFIG_EQ_SUPPORT_ASYNC" />
<Add option="-DEQ_CORE_V2" />
<Add option="-DCONFIG_DNS_ENABLE" />
<Add option="-DCONFIG_ASR_ENABLE" />
<Add option="-DCONFIG_DMS_MALLOC" />
<Add option="-DCONFIG_MMU_ENABLE" />
<Add option="-DCONFIG_SBC_CODEC_HW" />
<Add option="-DCONFIG_MSBC_CODEC_HW" />
<Add option="-DCONFIG_AEC_M=256" />
<Add option="-DCONFIG_AUDIO_ONCHIP" />
<Add option="-DCONFIG_MEDIA_DEVELOP_ENABLE" />
<Add option="-D__GCC_PI32V2__" />
<Add option="-DCONFIG_NEW_ECC_ENABLE" />
<Add option="-DEVENT_HANDLER_NUM_CONFIG=2" />
<Add option="-DEVENT_TOUCH_ENABLE_CONFIG=0" />
<Add option="-DEVENT_POOL_SIZE_CONFIG=256" />
<Add option="-DCONFIG_EVENT_KEY_MAP_ENABLE=0" />
<Add option="-DTIMER_POOL_NUM_CONFIG=15" />
<Add option="-DAPP_ASYNC_POOL_NUM_CONFIG=0" />
<Add option="-DVFS_ENABLE=1" />
<Add option="-DUSE_SDFILE_NEW=1" />
<Add option="-DSDFILE_STORAGE=1" />
<Add option="-DVFS_FILE_POOL_NUM_CONFIG=1" />
<Add option="-DFS_VERSION=0x020001" />
<Add option="-DFATFS_VERSION=0x020101" />
<Add option="-DSDFILE_VERSION=0x020000" />
<Add option="-DVM_MAX_PAGE_ALIGN_SIZE_CONFIG=8*1024" />
<Add option="-DVM_MAX_SECTOR_ALIGN_SIZE_CONFIG=16*1024" />
<Add option="-DVM_ITEM_MAX_NUM=256" />
<Add option="-DCONFIG_TWS_ENABLE" />
<Add option="-DCONFIG_ADAPTER_ENABLE" />
<Add option="-DCONFIG_NEW_CFG_TOOL_ENABLE" />
<Add option="-DCONFIG_LITE_AEC_ENABLE=0" />
<Add option="-DAUDIO_REC_POOL_NUM=1" />
<Add option="-DAUDIO_DEC_POOL_NUM=3" />
<Add option="-DCONFIG_LMP_CONN_SUSPEND_ENABLE" />
<Add option="-DCONFIG_BTCTRLER_TASK_DEL_ENABLE" />
<Add option="-DCONFIG_LINK_DISTURB_SCAN_ENABLE=0" />
<Add option="-DCONFIG_UPDATA_ENABLE" />
<Add option="-DCONFIG_OTA_UPDATA_ENABLE" />
<Add option="-DCONFIG_ITEM_FORMAT_VM" />
<Add option="-DSUPPORT_BLUETOOTH_PROFILE_RELEASE" />
<Add option="-DCONFIG_SOUNDBOX" />
<Add option="-DAPP_DONGLE=0" />
<Add option="-DAPP_DONGLE_1T2=1" />
<Add option="-DAPP_WIRELESS_MIC_1T1=2" />
<Add option="-DAPP_WIRELESS_MIC_2T1=3" />
<Add option="-DAPP_WIRELESS_MIC_1TN=4" />
<Add option="-DAPP_WIRELESS_DUPLEX=5" />
<Add option="-DAPP_MAIN=3" />
<Add option="-DCONFIG_2T1_ROLE_SEL=1" />
<Add directory="../../../../include_lib" />
<Add directory="../../../../include_lib/driver" />
<Add directory="../../../../include_lib/driver/device" />
<Add directory="../../../../include_lib/driver/cpu/br30" />
<Add directory="../../../../include_lib/system" />
<Add directory="../../../../include_lib/system/generic" />
<Add directory="../../../../include_lib/system/device" />
<Add directory="../../../../include_lib/system/fs" />
<Add directory="../../../../include_lib/system/ui" />
<Add directory="../../../../include_lib/btctrler" />
<Add directory="../../../../include_lib/btctrler/port/br30" />
<Add directory="../../../../include_lib/update" />
<Add directory="../../../../include_lib/agreement" />
<Add directory="../../../../include_lib/btstack/third_party/common" />
<Add directory="../../../../include_lib/btstack/third_party/rcsp" />
<Add directory="../../../../include_lib/media/media_develop" />
<Add directory="../../../../include_lib/media/media_develop/media" />
<Add directory="../../../../include_lib/media/media_develop/media/cpu/br30" />
<Add directory="../../../../include_lib/media/media_develop/media/cpu/br30/asm" />
<Add directory="../../../../cpu/br30_develop" />
<Add directory="../../../../cpu/br30_develop/audio_effect" />
<Add directory="../../../../apps/adapter/include" />
<Add directory="../../../../apps/adapter/include/common" />
<Add directory="../../../../apps/adapter/include/common/bt_common" />
<Add directory="../../../../apps/adapter/include/user_api" />
<Add directory="../../../../apps/common" />
<Add directory="../../../../apps/common/device" />
<Add directory="../../../../apps/common/audio" />
<Add directory="../../../../apps/common/audio/stream" />
<Add directory="../../../../apps/common/power_manage" />
<Add directory="../../../../apps/common/dev_manager" />
<Add directory="../../../../apps/common/file_operate" />
<Add directory="../../../../apps/common/iap" />
<Add directory="../../../../apps/common/include" />
<Add directory="../../../../apps/common/test" />
<Add directory="../../../../apps/common/config/include" />
<Add directory="../../../../apps/adapter/board/br30" />
<Add directory="../../../../include_lib/btstack" />
<Add directory="../../../../apps/common/third_party_profile/common" />
<Add directory="../../../../apps/common/third_party_profile/jieli" />
<Add directory="../../../../apps/common/third_party_profile/jieli/trans_data_demo" />
<Add directory="../../../../apps/common/third_party_profile/jieli/online_db" />
<Add directory="../../../../apps/common/third_party_profile/jieli/JL_rcsp" />
<Add directory="../../../../apps/common/third_party_profile/jieli/JL_rcsp/rcsp_updata" />
<Add directory="../../../../apps/common/third_party_profile/jieli/JL_rcsp/bt_trans_data" />
<Add directory="../../../../apps/common/third_party_profile/jieli/JL_rcsp/adv_rcsp_protocol" />
<Add directory="../../../../apps/common/third_party_profile/jieli/JL_rcsp/adv_app_setting" />
<Add directory="../../../../apps/common/recorder" />
<Add directory="../../../../include_lib/media" />
<Add directory="../../../../apps/adapter/audio" />
<Add directory="../../../../apps/adapter/audio/decoder" />
<Add directory="../../../../apps/adapter/audio/encoder" />
<Add directory="../../../../apps/adapter/audio/wireless" />
<Add directory="../../../../apps/adapter/idev" />
<Add directory="../../../../apps/adapter/idev/idev_usb" />
<Add directory="../../../../apps/adapter/idev/idev_bt" />
<Add directory="../../../../apps/adapter/idev/idev_bt/include" />
<Add directory="../../../../apps/adapter/idev/idev_mic" />
<Add directory="../../../../apps/adapter/odev" />
<Add directory="../../../../apps/adapter/odev/odev_bt" />
<Add directory="../../../../apps/adapter/odev/odev_bt/odev_edr" />
<Add directory="../../../../apps/adapter/odev/odev_bt/odev_ble" />
<Add directory="../../../../apps/adapter/odev/odev_bt/include" />
<Add directory="../../../../apps/adapter/odev/odev_dac" />
<Add directory="../../../../apps/adapter/process" />
<Add directory="../../../../apps/common/device/usb" />
<Add directory="../../../../apps/common/device/usb/device" />
<Add directory="../../../../apps/common/device/usb/host" />
</Compiler>
<Linker>
<Add option="--plugin-opt=-pi32v2-always-use-itblock=false" />
<Add option="--plugin-opt=-enable-ipra=true" />
<Add option="--plugin-opt=-pi32v2-merge-max-offset=4096" />
<Add option="--plugin-opt=-pi32v2-enable-simd=true" />
<Add option="--plugin-opt=mcpu=r3" />
<Add option="--plugin-opt=-global-merge-on-const" />
<Add option="--plugin-opt=-inline-threshold=5" />
<Add option="--plugin-opt=-inline-max-allocated-size=32" />
<Add option="--plugin-opt=-inline-normal-into-special-section=true" />
<Add option="--plugin-opt=-dont-used-symbol-list=malloc,free,sprintf,printf,puts,putchar" />
<Add option="--plugin-opt=save-temps" />
<Add option="--plugin-opt=-pi32v2-enable-rep-memop" />
<Add option="--plugin-opt=-warn-stack-size=256" />
<Add option="--sort-common" />
<Add option="--dont-complain-call-overflow" />
<Add option="--plugin-opt=-used-symbol-file=../../../../cpu/br30_develop/sdk_used_list.used" />
<Add option="--start-group" />
<Add option="--start-group " />
<Add option="../../../../cpu/br30_develop/liba/cpu.a" />
<Add option="../../../../cpu/br30_develop/liba/system.a" />
<Add option="../../../../cpu/br30_develop/liba/libepmotion.a" />
<Add option="../../../../cpu/br30_develop/liba/wtg_dec_lib.a" />
<Add option="../../../../cpu/br30_develop/liba/sbc_eng_lib.a" />
<Add option="../../../../cpu/br30_develop/liba/mp3tsy_dec_lib.a" />
<Add option="../../../../cpu/br30_develop/liba/wtgv2_dec_lib.a" />
<Add option="../../../../cpu/br30_develop/liba/flac_dec_lib.a" />
<Add option="../../../../cpu/br30_develop/liba/ape_dec_lib.a" />
<Add option="../../../../cpu/br30_develop/liba/m4a_tws_lib.a" />
<Add option="../../../../cpu/br30_develop/liba/amr_dec_lib.a" />
<Add option="../../../../cpu/br30_develop/liba/dts_dec_lib.a" />
<Add option="../../../../cpu/br30_develop/liba/mp3_decstream_lib.a" />
<Add option="../../../../cpu/br30_develop/liba/wma_decstream_lib.a" />
<Add option="../../../../cpu/br30_develop/liba/libAptFilt_pi32v2_OnChip.a" />
<Add option="../../../../cpu/br30_develop/liba/libEchoSuppress_pi32v2_OnChip.a" />
<Add option="../../../../cpu/br30_develop/liba/libNoiseSuppress_pi32v2_OnChip.a" />
<Add option="../../../../cpu/br30_develop/liba/libSplittingFilter_pi32v2_OnChip.a" />
<Add option="../../../../cpu/br30_develop/liba/libDelayEstimate_pi32v2_OnChip.a" />
<Add option="../../../../cpu/br30_develop/liba/libOpcore_maskrom_pi32v2_OnChip.a" />
<Add option="../../../../cpu/br30_develop/liba/libFFT_pi32v2_OnChip.a" />
<Add option="../../../../cpu/br30_develop/liba/libHighSampleRateSingleMicSystem_pi32v2_OnChip.a" />
<Add option="../../../../cpu/br30_develop/liba/lib_pitchshifter.a" />
<Add option="../../../../cpu/br30_develop/liba/lib_pitch_speed.a" />
<Add option="../../../../cpu/br30_develop/liba/lib_reverb_cal.a" />
<Add option="../../../../cpu/br30_develop/liba/lib_mp2_code.a" />
<Add option="../../../../cpu/br30_develop/liba/lib_adpcm_code.a" />
<Add option="../../../../cpu/br30_develop/liba/mp3_enc_lib.a" />
<Add option="../../../../cpu/br30_develop/liba/opus_enc_lib.a" />
<Add option="../../../../cpu/br30_develop/liba/speex_enc_lib.a" />
<Add option="../../../../cpu/br30_develop/liba/lib_rmono2stereo.a" />
<Add option="../../../../cpu/br30_develop/liba/limiter_noiseGate.a" />
<Add option="../../../../cpu/br30_develop/liba/howling.a" />
<Add option="../../../../cpu/br30_develop/liba/noisegate.a" />
<Add option="../../../../cpu/br30_develop/liba/shiftPhase.a" />
<Add option="../../../../cpu/br30_develop/liba/pemafrow.a" />
<Add option="../../../../cpu/br30_develop/liba/lib_howlings_phf.a" />
<Add option="../../../../cpu/br30_develop/liba/lib_resample_cal.a" />
<Add option="../../../../cpu/br30_develop/liba/lib_resample_fast_cal.a" />
<Add option="../../../../cpu/br30_develop/liba/mp3_dec_lib.a" />
<Add option="../../../../cpu/br30_develop/liba/wma_dec_lib.a" />
<Add option="../../../../cpu/br30_develop/liba/wav_dec_lib.a" />
<Add option="../../../../cpu/br30_develop/liba/agreement.a" />
<Add option="../../../../cpu/br30_develop/liba/lib_sur_cal.a" />
<Add option="../../../../cpu/br30_develop/liba/lib_vbass_cal.a" />
<Add option="../../../../cpu/br30_develop/liba/loudness.a" />
<Add option="../../../../cpu/br30_develop/liba/filtparam_cal_lib.a" />
<Add option="../../../../cpu/br30_develop/liba/media_app.a" />
<Add option="../../../../cpu/br30_develop/liba/aec.a" />
<Add option="../../../../cpu/br30_develop/liba/bt_hash_enc.a" />
<Add option="../../../../cpu/br30_develop/liba/rcsp_stack.a" />
<Add option="../../../../cpu/br30_develop/liba/lib_usbaudio_plc.a" />
<Add option="../../../../cpu/br30_develop/liba/coeff_calculate.a" />
<Add option="../../../../cpu/br30_develop/liba/rms.a" />
<Add option="../../../../cpu/br30_develop/liba/SpectrumShow.a" />
<Add option="../../../../cpu/br30_develop/liba/gma_stack.a" />
<Add option="../../../../cpu/br30_develop/liba/dueros_stack.a" />
<Add option="../../../../cpu/br30_develop/liba/lib_adpcm_ima_code.a" />
<Add option="../../../../cpu/br30_develop/liba/lib_midi_dec.a" />
<Add option="../../../../cpu/br30_develop/liba/jla_codec_lib.a" />
<Add option="../../../../cpu/br30_develop/liba/libjlsp.a" />
<Add option="../../../../cpu/br30_develop/liba/libllns.a" />
<Add option="../../../../cpu/br30_develop/liba/lib_voiceChanger.a" />
<Add option="../../../../cpu/br30_develop/liba/compressor.a" />
<Add option="../../../../cpu/br30_develop/liba/crossover_coff.a" />
<Add option="../../../../cpu/br30_develop/liba/limiter.a" />
<Add option="../../../../cpu/br30_develop/liba/btstack.a" />
<Add option="../../../../cpu/br30_develop/liba/btctrler.a" />
<Add option="../../../../cpu/br30_develop/liba/media.a" />
<Add option="../../../../cpu/br30_develop/liba/update.a" />
<Add option="../../../../cpu/br30_develop/liba/res.a" />
<Add option="../../../../cpu/br30_develop/liba/ui_dot.a" />
<Add option="../../../../cpu/br30_develop/liba/font.a" />
<Add option="../../../../cpu/br30_develop/liba/crypto_toolbox_Ospeed.a" />
<Add option="--end-group" />
<Add option="--end-group " />
<Add option="-T../../../../cpu/br30_develop/sdk.ld" />
<Add option="-M=../../../../cpu/br30_develop/tools/sdk.map" />
<Add library="C:\JL\pi32\pi32v2-lib\r3\libm.a" />
</Linker>
<ExtraCommands>
<Add before="$compiler $options $includes -D__LD__ -E -P ..\..\..\..\cpu\br30_develop\sdk_used_list.c -o ..\..\..\..\cpu\br30_develop\sdk_used_list.used" />
<Add before="$compiler $options $includes -D__LD__ -E -P ..\..\..\..\cpu\br30_develop\sdk_ld.c -o ..\..\..\..\cpu\br30_develop\sdk.ld" />
<Add before="$compiler $options $includes -D__LD__ -E -P ..\..\..\..\cpu\br30_develop\tools\download.c -o ..\..\..\..\cpu\br30_develop\tools\download.bat" />
<Add before="..\..\..\..\tools\utils\fixbat.exe ..\..\..\..\cpu\br30_develop\tools\download.bat" />
<Add before="$compiler $options $includes -D__LD__ -E -P ..\..\..\..\cpu\br30_develop\tools\isd_config_rule.c -o ..\..\..\..\cpu\br30_develop\tools\isd_config.ini" />
<Mode before="always" />
<Add after="..\..\..\..\cpu\br30_develop\tools\download.bat sdk" />
<Mode after="always" />
</ExtraCommands>
</Target>
</Build>
<Unit filename="../../../../apps/adapter/adapter_charge.c"><Option compilerVer="CC"/></Unit>
<Unit filename="../../../../apps/adapter/adapter_uart_demo.c"><Option compilerVer="CC"/></Unit>
<Unit filename="../../../../apps/adapter/app_key.c"><Option compilerVer="CC"/></Unit>
<Unit filename="../../../../apps/adapter/app_main.c"><Option compilerVer="CC"/></Unit>
<Unit filename="../../../../apps/adapter/app_main/wireless_mic_2t1/2t1_rx.c"><Option compilerVer="CC"/></Unit>
<Unit filename="../../../../apps/adapter/app_main/wireless_mic_2t1/2t1_rx_product_test.c"><Option compilerVer="CC"/></Unit>
<Unit filename="../../../../apps/adapter/audio/adapter_adc.c"><Option compilerVer="CC"/></Unit>
<Unit filename="../../../../apps/adapter/audio/adapter_adc.h" />
<Unit filename="../../../../apps/adapter/audio/adapter_audio_miceq.c"><Option compilerVer="CC"/></Unit>
<Unit filename="../../../../apps/adapter/audio/adapter_audio_miceq.h" />
<Unit filename="../../../../apps/adapter/audio/adapter_audio_musiceq.c"><Option compilerVer="CC"/></Unit>
<Unit filename="../../../../apps/adapter/audio/adapter_audio_musiceq.h" />
<Unit filename="../../../../apps/adapter/audio/adapter_audio_stream.c"><Option compilerVer="CC"/></Unit>
<Unit filename="../../../../apps/adapter/audio/adapter_audio_stream.h" />
<Unit filename="../../../../apps/adapter/audio/adapter_media.c"><Option compilerVer="CC"/></Unit>
<Unit filename="../../../../apps/adapter/audio/adapter_media.h" />
<Unit filename="../../../../apps/adapter/audio/adapter_recorder.c"><Option compilerVer="CC"/></Unit>
<Unit filename="../../../../apps/adapter/audio/adapter_recorder.h" />
<Unit filename="../../../../apps/adapter/audio/adapter_stream_demo.c"><Option compilerVer="CC"/></Unit>
<Unit filename="../../../../apps/adapter/audio/adapter_stream_demo.h" />
<Unit filename="../../../../apps/adapter/audio/decoder/adapter_dec_dual_jla.c"><Option compilerVer="CC"/></Unit>
<Unit filename="../../../../apps/adapter/audio/decoder/adapter_dec_esco.c"><Option compilerVer="CC"/></Unit>
<Unit filename="../../../../apps/adapter/audio/decoder/adapter_dec_esco.h" />
<Unit filename="../../../../apps/adapter/audio/decoder/adapter_dec_jla.c"><Option compilerVer="CC"/></Unit>
<Unit filename="../../../../apps/adapter/audio/decoder/adapter_dec_mic.c"><Option compilerVer="CC"/></Unit>
<Unit filename="../../../../apps/adapter/audio/decoder/adapter_dec_mic.h" />
<Unit filename="../../../../apps/adapter/audio/decoder/adapter_dec_tone.c"><Option compilerVer="CC"/></Unit>
<Unit filename="../../../../apps/adapter/audio/decoder/adapter_dec_tone.h" />
<Unit filename="../../../../apps/adapter/audio/decoder/adapter_dec_uac_spk.c"><Option compilerVer="CC"/></Unit>
<Unit filename="../../../../apps/adapter/audio/decoder/adapter_dec_uac_spk.h" />
<Unit filename="../../../../apps/adapter/audio/decoder/adapter_decoder.c"><Option compilerVer="CC"/></Unit>
<Unit filename="../../../../apps/adapter/audio/decoder/adapter_decoder.h" />
<Unit filename="../../../../apps/adapter/audio/encoder/adapter_enc_esco.c"><Option compilerVer="CC"/></Unit>
<Unit filename="../../../../apps/adapter/audio/encoder/adapter_enc_esco.h" />
<Unit filename="../../../../apps/adapter/audio/encoder/adapter_enc_sbc.c"><Option compilerVer="CC"/></Unit>
<Unit filename="../../../../apps/adapter/audio/encoder/adapter_enc_uac_mic.c"><Option compilerVer="CC"/></Unit>
<Unit filename="../../../../apps/adapter/audio/encoder/adapter_enc_uac_mic.h" />
<Unit filename="../../../../apps/adapter/audio/encoder/adapter_encoder.c"><Option compilerVer="CC"/></Unit>
<Unit filename="../../../../apps/adapter/audio/encoder/adapter_encoder.h" />
<Unit filename="../../../../apps/adapter/audio/wireless/adapter_wireless_command.h" />
<Unit filename="../../../../apps/adapter/audio/wireless/adapter_wireless_dec.c"><Option compilerVer="CC"/></Unit>
<Unit filename="../../../../apps/adapter/audio/wireless/adapter_wireless_dec.h" />
<Unit filename="../../../../apps/adapter/audio/wireless/adapter_wireless_enc.c"><Option compilerVer="CC"/></Unit>
<Unit filename="../../../../apps/adapter/audio/wireless/adapter_wireless_enc.h" />
<Unit filename="../../../../apps/adapter/bluetooth/ble/wl_mic_1t1_rx.c"><Option compilerVer="CC"/></Unit>
<Unit filename="../../../../apps/adapter/bluetooth/ble/wl_mic_1t1_tx.c"><Option compilerVer="CC"/></Unit>
<Unit filename="../../../../apps/adapter/bluetooth/ble/wl_mic_1tN_rx.c"><Option compilerVer="CC"/></Unit>
<Unit filename="../../../../apps/adapter/bluetooth/ble/wl_mic_1tN_tx.c"><Option compilerVer="CC"/></Unit>
<Unit filename="../../../../apps/adapter/board/br30/board_config.h" />
<Unit filename="../../../../apps/adapter/board/br30/board_wireless_mic_2t1_rx/board_wireless_mic_2t1_rx.c"><Option compilerVer="CC"/></Unit>
<Unit filename="../../../../apps/adapter/board/br30/board_wireless_mic_2t1_rx/board_wireless_mic_2t1_rx_cfg.h" />
<Unit filename="../../../../apps/adapter/board/br30/board_wireless_mic_2t1_rx/board_wireless_mic_2t1_rx_global_build_cfg.h" />
<Unit filename="../../../../apps/adapter/board/br30/board_wireless_mic_2t1_rx/key_table/adkey_table.c"><Option compilerVer="CC"/></Unit>
<Unit filename="../../../../apps/adapter/board/br30/board_wireless_mic_2t1_rx/key_table/iokey_table.c"><Option compilerVer="CC"/></Unit>
<Unit filename="../../../../apps/adapter/board/br30/board_wireless_mic_2t1_rx/key_table/irkey_table.c"><Option compilerVer="CC"/></Unit>
<Unit filename="../../../../apps/adapter/board/br30/board_wireless_mic_2t1_rx/key_table/rdec_key_table.c"><Option compilerVer="CC"/></Unit>
<Unit filename="../../../../apps/adapter/board/br30/board_wireless_mic_2t1_rx/key_table/touch_key_table.c"><Option compilerVer="CC"/></Unit>
<Unit filename="../../../../apps/adapter/board/br30/undef_func.c"><Option compilerVer="CC"/></Unit>
<Unit filename="../../../../apps/adapter/common/bt_common/bt_edr_fun.c"><Option compilerVer="CC"/></Unit>
<Unit filename="../../../../apps/adapter/common/bt_common/bt_hci_event.c"><Option compilerVer="CC"/></Unit>
<Unit filename="../../../../apps/adapter/common/bt_common/bt_product_test.c"><Option compilerVer="CC"/></Unit>
<Unit filename="../../../../apps/adapter/common/bt_common/bt_status_event.c"><Option compilerVer="CC"/></Unit>
<Unit filename="../../../../apps/adapter/common/bt_common/dongle_1t2.c"><Option compilerVer="CC"/></Unit>
<Unit filename="../../../../apps/adapter/common/dev_status.c"><Option compilerVer="CC"/></Unit>
<Unit filename="../../../../apps/adapter/common/init.c"><Option compilerVer="CC"/></Unit>
<Unit filename="../../../../apps/adapter/common/task_table.c"><Option compilerVer="CC"/></Unit>
<Unit filename="../../../../apps/adapter/common/tone_table.c"><Option compilerVer="CC"/></Unit>
<Unit filename="../../../../apps/adapter/common/user_cfg.c"><Option compilerVer="CC"/></Unit>
<Unit filename="../../../../apps/adapter/duplex_mode_switch.c"><Option compilerVer="CC"/></Unit>
<Unit filename="../../../../apps/adapter/idev/adapter_idev.c"><Option compilerVer="CC"/></Unit>
<Unit filename="../../../../apps/adapter/idev/adapter_idev.h" />
<Unit filename="../../../../apps/adapter/idev/idev_bt/adapter_idev_bt.c"><Option compilerVer="CC"/></Unit>
<Unit filename="../../../../apps/adapter/idev/idev_bt/idev_ble/adapter_idev_ble.c"><Option compilerVer="CC"/></Unit>
<Unit filename="../../../../apps/adapter/idev/idev_bt/idev_ble/idev_ble_wireless.c"><Option compilerVer="CC"/></Unit>
<Unit filename="../../../../apps/adapter/idev/idev_bt/include/adapter_idev_ble.h" />
<Unit filename="../../../../apps/adapter/idev/idev_bt/include/adapter_idev_bt.h" />
<Unit filename="../../../../apps/adapter/idev/idev_mic/adapter_idev_mic.c"><Option compilerVer="CC"/></Unit>
<Unit filename="../../../../apps/adapter/idev/idev_mic/adapter_idev_mic.h" />
<Unit filename="../../../../apps/adapter/idev/idev_usb/adapter_idev_usb.c"><Option compilerVer="CC"/></Unit>
<Unit filename="../../../../apps/adapter/idev/idev_usb/adapter_idev_usb.h" />
<Unit filename="../../../../apps/adapter/idev/idev_usb/adapter_usb_hid.c"><Option compilerVer="CC"/></Unit>
<Unit filename="../../../../apps/adapter/idev/idev_usb/adapter_usb_hid.h" />
<Unit filename="../../../../apps/adapter/include/adapter_app_status.h" />
<Unit filename="../../../../apps/adapter/include/adapter_uart_demo.h" />
<Unit filename="../../../../apps/adapter/include/aec_user.h" />
<Unit filename="../../../../apps/adapter/include/app_action.h" />
<Unit filename="../../../../apps/adapter/include/app_charge.h" />
<Unit filename="../../../../apps/adapter/include/app_chargestore.h" />
<Unit filename="../../../../apps/adapter/include/app_config.h" />
<Unit filename="../../../../apps/adapter/include/app_main.h" />
<Unit filename="../../../../apps/adapter/include/app_online_cfg.h" />
<Unit filename="../../../../apps/adapter/include/app_power_manage.h" />
<Unit filename="../../../../apps/adapter/include/app_task.h" />
<Unit filename="../../../../apps/adapter/include/common/bt_common/bt.h" />
<Unit filename="../../../../apps/adapter/include/common/bt_common/bt_ble.h" />
<Unit filename="../../../../apps/adapter/include/common/bt_common/bt_edr_fun.h" />
<Unit filename="../../../../apps/adapter/include/common/bt_common/bt_tws.h" />
<Unit filename="../../../../apps/adapter/include/common/bt_common/dongle_1t2.h" />
<Unit filename="../../../../apps/adapter/include/common/dev_status.h" />
<Unit filename="../../../../apps/adapter/include/common/user_msg.h" />
<Unit filename="../../../../apps/adapter/include/duplex_mode_switch.h" />
<Unit filename="../../../../apps/adapter/include/key_event_deal.h" />
<Unit filename="../../../../apps/adapter/include/macro.h" />
<Unit filename="../../../../apps/adapter/include/macro_default.h" />
<Unit filename="../../../../apps/adapter/include/power_on.h" />
<Unit filename="../../../../apps/adapter/include/tone_player.h" />
<Unit filename="../../../../apps/adapter/include/ui/io_led.h" />
<Unit filename="../../../../apps/adapter/include/ui/ui_api.h" />
<Unit filename="../../../../apps/adapter/include/ui_manage.h" />
<Unit filename="../../../../apps/adapter/include/user_api/dev_multiplex_api.h" />
<Unit filename="../../../../apps/adapter/include/user_cfg_id.h" />
<Unit filename="../../../../apps/adapter/include/user_config.h" />
<Unit filename="../../../../apps/adapter/log_config/app_config.c"><Option compilerVer="CC"/></Unit>
<Unit filename="../../../../apps/adapter/log_config/lib_btctrler_config.c"><Option compilerVer="CC"/></Unit>
<Unit filename="../../../../apps/adapter/log_config/lib_btstack_config.c"><Option compilerVer="CC"/></Unit>
<Unit filename="../../../../apps/adapter/log_config/lib_driver_config.c"><Option compilerVer="CC"/></Unit>
<Unit filename="../../../../apps/adapter/log_config/lib_media_config.c"><Option compilerVer="CC"/></Unit>
<Unit filename="../../../../apps/adapter/log_config/lib_system_config.c"><Option compilerVer="CC"/></Unit>
<Unit filename="../../../../apps/adapter/log_config/lib_update_config.c"><Option compilerVer="CC"/></Unit>
<Unit filename="../../../../apps/adapter/odev/adapter_odev.c"><Option compilerVer="CC"/></Unit>
<Unit filename="../../../../apps/adapter/odev/adapter_odev.h" />
<Unit filename="../../../../apps/adapter/odev/odev_bt/adapter_odev_bt.c"><Option compilerVer="CC"/></Unit>
<Unit filename="../../../../apps/adapter/odev/odev_bt/include/adapter_odev_ble.h" />
<Unit filename="../../../../apps/adapter/odev/odev_bt/include/adapter_odev_bt.h" />
<Unit filename="../../../../apps/adapter/odev/odev_bt/include/adapter_odev_edr.h" />
<Unit filename="../../../../apps/adapter/odev/odev_bt/odev_ble/adapter_odev_ble.c"><Option compilerVer="CC"/></Unit>
<Unit filename="../../../../apps/adapter/odev/odev_bt/odev_ble/odev_ble_dongle.c"><Option compilerVer="CC"/></Unit>
<Unit filename="../../../../apps/adapter/odev/odev_bt/odev_ble/odev_ble_wireless.c"><Option compilerVer="CC"/></Unit>
<Unit filename="../../../../apps/adapter/odev/odev_bt/odev_edr/adapter_odev_edr.c"><Option compilerVer="CC"/></Unit>
<Unit filename="../../../../apps/adapter/odev/odev_dac/adapter_odev_dac.c"><Option compilerVer="CC"/></Unit>
<Unit filename="../../../../apps/adapter/odev/odev_dac/adapter_odev_dac.h" />
<Unit filename="../../../../apps/adapter/odev/odev_usb/adapter_odev_usb.c"><Option compilerVer="CC"/></Unit>
<Unit filename="../../../../apps/adapter/odev/odev_usb/adapter_odev_usb.h" />
<Unit filename="../../../../apps/adapter/power_manage/app_charge.c"><Option compilerVer="CC"/></Unit>
<Unit filename="../../../../apps/adapter/power_manage/app_chargestore.c"><Option compilerVer="CC"/></Unit>
<Unit filename="../../../../apps/adapter/power_manage/app_power_manage.c"><Option compilerVer="CC"/></Unit>
<Unit filename="../../../../apps/adapter/process/adapter_process.c"><Option compilerVer="CC"/></Unit>
<Unit filename="../../../../apps/adapter/process/adapter_process.h" />
<Unit filename="../../../../apps/adapter/rf_test.c"><Option compilerVer="CC"/></Unit>
<Unit filename="../../../../apps/adapter/ui/led/io_led.c"><Option compilerVer="CC"/></Unit>
<Unit filename="../../../../apps/adapter/ui_manage.c"><Option compilerVer="CC"/></Unit>
<Unit filename="../../../../apps/adapter/version.c"><Option compilerVer="CC"/></Unit>
<Unit filename="../../../../apps/common/audio/audio_digital_vol.c"><Option compilerVer="CC"/></Unit>
<Unit filename="../../../../apps/common/audio/audio_digital_vol.h" />
<Unit filename="../../../../apps/common/audio/audio_type.h" />
<Unit filename="../../../../apps/common/audio/audio_utils.c"><Option compilerVer="CC"/></Unit>
<Unit filename="../../../../apps/common/audio/audio_utils.h" />
<Unit filename="../../../../apps/common/audio/sine_make.c"><Option compilerVer="CC"/></Unit>
<Unit filename="../../../../apps/common/audio/sine_make.h" />
<Unit filename="../../../../apps/common/audio/stream/stream_HighSampleRateMicSystem.c"><Option compilerVer="CC"/></Unit>
<Unit filename="../../../../apps/common/audio/stream/stream_HighSampleRateMicSystem.h" />
<Unit filename="../../../../apps/common/audio/stream/stream_entry.c"><Option compilerVer="CC"/></Unit>
<Unit filename="../../../../apps/common/audio/stream/stream_entry.h" />
<Unit filename="../../../../apps/common/audio/stream/stream_eq_dccs.c"><Option compilerVer="CC"/></Unit>
<Unit filename="../../../../apps/common/audio/stream/stream_eq_dccs.h" />
<Unit filename="../../../../apps/common/audio/stream/stream_jlsp_llns.h" />
<Unit filename="../../../../apps/common/audio/stream/stream_llns.c"><Option compilerVer="CC"/></Unit>
<Unit filename="../../../../apps/common/audio/stream/stream_llns.h" />
<Unit filename="../../../../apps/common/audio/stream/stream_noise_reduction.h" />
<Unit filename="../../../../apps/common/audio/stream/stream_src.c"><Option compilerVer="CC"/></Unit>
<Unit filename="../../../../apps/common/audio/stream/stream_src.h" />
<Unit filename="../../../../apps/common/audio/stream/stream_sync.c"><Option compilerVer="CC"/></Unit>
<Unit filename="../../../../apps/common/audio/stream/stream_sync.h" />
<Unit filename="../../../../apps/common/audio/uartPcmSender.c"><Option compilerVer="CC"/></Unit>
<Unit filename="../../../../apps/common/bt_common/bt_test_api.c"><Option compilerVer="CC"/></Unit>
<Unit filename="../../../../apps/common/config/app_config.c"><Option compilerVer="CC"/></Unit>
<Unit filename="../../../../apps/common/config/app_sound_box_tool.c"><Option compilerVer="CC"/></Unit>
<Unit filename="../../../../apps/common/config/bt_profile_config.c"><Option compilerVer="CC"/></Unit>
<Unit filename="../../../../apps/common/config/cfg_tool_share_osc_functions/cfg_tool_share_osc.c"><Option compilerVer="CC"/></Unit>
<Unit filename="../../../../apps/common/config/cfg_tool_share_osc_functions/cfg_tool_share_osc_single_io_send.c"><Option compilerVer="CC"/></Unit>
<Unit filename="../../../../apps/common/config/ci_transport_uart.c"><Option compilerVer="CC"/></Unit>
<Unit filename="../../../../apps/common/config/include/app_sound_box_tool.h" />
<Unit filename="../../../../apps/common/config/include/bt_profile_cfg.h" />
<Unit filename="../../../../apps/common/config/include/cfg_tool_share_osc.h" />
<Unit filename="../../../../apps/common/debug/debug.c"><Option compilerVer="CC"/></Unit>
<Unit filename="../../../../apps/common/debug/debug_lite.c"><Option compilerVer="CC"/></Unit>
<Unit filename="../../../../apps/common/dev_manager/dev_manager.c"><Option compilerVer="CC"/></Unit>
<Unit filename="../../../../apps/common/dev_manager/dev_manager.h" />
<Unit filename="../../../../apps/common/dev_manager/dev_reg.c"><Option compilerVer="CC"/></Unit>
<Unit filename="../../../../apps/common/dev_manager/dev_reg.h" />
<Unit filename="../../../../apps/common/dev_manager/dev_update.c"><Option compilerVer="CC"/></Unit>
<Unit filename="../../../../apps/common/dev_manager/dev_update.h" />
<Unit filename="../../../../apps/common/device/key/adkey.c"><Option compilerVer="CC"/></Unit>
<Unit filename="../../../../apps/common/device/key/adkey_rtcvdd.c"><Option compilerVer="CC"/></Unit>
<Unit filename="../../../../apps/common/device/key/ctmu_touch_key.c"><Option compilerVer="CC"/></Unit>
<Unit filename="../../../../apps/common/device/key/iokey.c"><Option compilerVer="CC"/></Unit>
<Unit filename="../../../../apps/common/device/key/irkey.c"><Option compilerVer="CC"/></Unit>
<Unit filename="../../../../apps/common/device/key/key_driver.c"><Option compilerVer="CC"/></Unit>
<Unit filename="../../../../apps/common/device/key/rdec_key.c"><Option compilerVer="CC"/></Unit>
<Unit filename="../../../../apps/common/device/key/slidekey.c"><Option compilerVer="CC"/></Unit>
<Unit filename="../../../../apps/common/device/key/touch_key.c"><Option compilerVer="CC"/></Unit>
<Unit filename="../../../../apps/common/device/nandflash/nandflash.c"><Option compilerVer="CC"/></Unit>
<Unit filename="../../../../apps/common/device/ntc/ntc_det.c"><Option compilerVer="CC"/></Unit>
<Unit filename="../../../../apps/common/device/ntc/ntc_det_api.h" />
<Unit filename="../../../../apps/common/device/usb/device/cdc.c"><Option compilerVer="CC"/></Unit>
<Unit filename="../../../../apps/common/device/usb/device/cdc.h" />
<Unit filename="../../../../apps/common/device/usb/device/cdc_defs.h" />
<Unit filename="../../../../apps/common/device/usb/device/custom_hid.c"><Option compilerVer="CC"/></Unit>
<Unit filename="../../../../apps/common/device/usb/device/descriptor.c"><Option compilerVer="CC"/></Unit>
<Unit filename="../../../../apps/common/device/usb/device/hid.c"><Option compilerVer="CC"/></Unit>
<Unit filename="../../../../apps/common/device/usb/device/msd.c"><Option compilerVer="CC"/></Unit>
<Unit filename="../../../../apps/common/device/usb/device/msd_upgrade.c"><Option compilerVer="CC"/></Unit>
<Unit filename="../../../../apps/common/device/usb/device/task_pc.c"><Option compilerVer="CC"/></Unit>
<Unit filename="../../../../apps/common/device/usb/device/uac1.c"><Option compilerVer="CC"/></Unit>
<Unit filename="../../../../apps/common/device/usb/device/uac_stream.c"><Option compilerVer="CC"/></Unit>
<Unit filename="../../../../apps/common/device/usb/device/uac_stream.h" />
<Unit filename="../../../../apps/common/device/usb/device/usb_device.c"><Option compilerVer="CC"/></Unit>
<Unit filename="../../../../apps/common/device/usb/device/user_setup.c"><Option compilerVer="CC"/></Unit>
<Unit filename="../../../../apps/common/device/usb/host/adb.c"><Option compilerVer="CC"/></Unit>
<Unit filename="../../../../apps/common/device/usb/host/adb.h" />
<Unit filename="../../../../apps/common/device/usb/host/aoa.c"><Option compilerVer="CC"/></Unit>
<Unit filename="../../../../apps/common/device/usb/host/aoa.h" />
<Unit filename="../../../../apps/common/device/usb/host/audio.c"><Option compilerVer="CC"/></Unit>
<Unit filename="../../../../apps/common/device/usb/host/audio.h" />
<Unit filename="../../../../apps/common/device/usb/host/audio_demo.c"><Option compilerVer="CC"/></Unit>
<Unit filename="../../../../apps/common/device/usb/host/hid.c"><Option compilerVer="CC"/></Unit>
<Unit filename="../../../../apps/common/device/usb/host/usb_bulk_transfer.c"><Option compilerVer="CC"/></Unit>
<Unit filename="../../../../apps/common/device/usb/host/usb_bulk_transfer.h" />
<Unit filename="../../../../apps/common/device/usb/host/usb_ctrl_transfer.c"><Option compilerVer="CC"/></Unit>
<Unit filename="../../../../apps/common/device/usb/host/usb_ctrl_transfer.h" />
<Unit filename="../../../../apps/common/device/usb/host/usb_hid_keys.h" />
<Unit filename="../../../../apps/common/device/usb/host/usb_host.c"><Option compilerVer="CC"/></Unit>
<Unit filename="../../../../apps/common/device/usb/host/usb_storage.c"><Option compilerVer="CC"/></Unit>
<Unit filename="../../../../apps/common/device/usb/host/usb_storage.h" />
<Unit filename="../../../../apps/common/device/usb/usb_common_def.h" />
<Unit filename="../../../../apps/common/device/usb/usb_config.c"><Option compilerVer="CC"/></Unit>
<Unit filename="../../../../apps/common/device/usb/usb_config.h" />
<Unit filename="../../../../apps/common/device/usb/usb_host_config.c"><Option compilerVer="CC"/></Unit>
<Unit filename="../../../../apps/common/device/usb/usb_std_class_def.h" />
<Unit filename="../../../../apps/common/fat_nor/nor_fs.c"><Option compilerVer="CC"/></Unit>
<Unit filename="../../../../apps/common/fat_nor/phone_rec_fs.c"><Option compilerVer="CC"/></Unit>
<Unit filename="../../../../apps/common/fat_nor/virfat_flash.c"><Option compilerVer="CC"/></Unit>
<Unit filename="../../../../apps/common/file_operate/file_api.c"><Option compilerVer="CC"/></Unit>
<Unit filename="../../../../apps/common/file_operate/file_bs_deal.c"><Option compilerVer="CC"/></Unit>
<Unit filename="../../../../apps/common/file_operate/file_bs_deal.h" />
<Unit filename="../../../../apps/common/file_operate/file_manager.c"><Option compilerVer="CC"/></Unit>
<Unit filename="../../../../apps/common/file_operate/file_manager.h" />
<Unit filename="../../../../apps/common/iap/iAP_des.c"><Option compilerVer="CC"/></Unit>
<Unit filename="../../../../apps/common/iap/iAP_device.c"><Option compilerVer="CC"/></Unit>
<Unit filename="../../../../apps/common/iap/iAP_iic.c"><Option compilerVer="CC"/></Unit>
<Unit filename="../../../../apps/common/include/bt_common.h" />
<Unit filename="../../../../apps/common/include/nandflash.h" />
<Unit filename="../../../../apps/common/include/norflash.h" />
<Unit filename="../../../../apps/common/rec_nor/nor_interface.c"><Option compilerVer="CC"/></Unit>
<Unit filename="../../../../apps/common/rec_nor/nor_interface.h" />
<Unit filename="../../../../apps/common/rec_nor/nor_rec_fs.c"><Option compilerVer="CC"/></Unit>
<Unit filename="../../../../apps/common/rec_nor/nor_rec_fs.h" />
<Unit filename="../../../../apps/common/recorder/recorder.c"><Option compilerVer="CC"/></Unit>
<Unit filename="../../../../apps/common/recorder/recorder.h" />
<Unit filename="../../../../apps/common/recorder/recorder_coder.c"><Option compilerVer="CC"/></Unit>
<Unit filename="../../../../apps/common/recorder/recorder_coder.h" />
<Unit filename="../../../../apps/common/recorder/recorder_file.c"><Option compilerVer="CC"/></Unit>
<Unit filename="../../../../apps/common/recorder/recorder_file.h" />
<Unit filename="../../../../apps/common/recorder/recorder_stream.h" />
<Unit filename="../../../../apps/common/storage_dev/storage_dev.h" />
<Unit filename="../../../../apps/common/test/board_test.c"><Option compilerVer="CC"/></Unit>
<Unit filename="../../../../apps/common/third_party_profile/common/3th_profile_api.h" />
<Unit filename="../../../../apps/common/third_party_profile/common/custom_cfg.h" />
<Unit filename="../../../../apps/common/third_party_profile/jieli/JL_rcsp/bt_trans_data/le_rcsp_adv_module.h" />
<Unit filename="../../../../apps/common/third_party_profile/jieli/JL_rcsp/rcsp_bluetooth.h" />
<Unit filename="../../../../apps/common/third_party_profile/jieli/JL_rcsp/rcsp_msg.h" />
<Unit filename="../../../../apps/common/third_party_profile/jieli/le_client_demo.c"><Option compilerVer="CC"/></Unit>
<Unit filename="../../../../apps/common/third_party_profile/jieli/le_client_demo.h" />
<Unit filename="../../../../apps/common/third_party_profile/jieli/le_common.h" />
<Unit filename="../../../../apps/common/third_party_profile/jieli/multi_demo/le_multi_client.c"><Option compilerVer="CC"/></Unit>
<Unit filename="../../../../apps/common/third_party_profile/jieli/multi_demo/le_multi_common.c"><Option compilerVer="CC"/></Unit>
<Unit filename="../../../../apps/common/third_party_profile/jieli/multi_demo/le_multi_common.h" />
<Unit filename="../../../../apps/common/third_party_profile/jieli/multi_demo/le_multi_trans.c"><Option compilerVer="CC"/></Unit>
<Unit filename="../../../../apps/common/third_party_profile/jieli/multi_demo/le_multi_trans.h" />
<Unit filename="../../../../apps/common/third_party_profile/jieli/online_db/online_db_deal.h" />
<Unit filename="../../../../apps/common/third_party_profile/jieli/trans_data_demo/le_trans_data.c"><Option compilerVer="CC"/></Unit>
<Unit filename="../../../../apps/common/third_party_profile/jieli/trans_data_demo/le_trans_data.h" />
<Unit filename="../../../../apps/common/third_party_profile/jieli/wireless_mic/le_wireless_mic_client.c"><Option compilerVer="CC"/></Unit>
<Unit filename="../../../../apps/common/third_party_profile/jieli/wireless_mic/le_wireless_mic_server.c"><Option compilerVer="CC"/></Unit>
<Unit filename="../../../../apps/common/update/norflash_ufw_update.c"><Option compilerVer="CC"/></Unit>
<Unit filename="../../../../apps/common/update/norflash_update.c"><Option compilerVer="CC"/></Unit>
<Unit filename="../../../../apps/common/update/testbox_update.c"><Option compilerVer="CC"/></Unit>
<Unit filename="../../../../apps/common/update/uart_update.c"><Option compilerVer="CC"/></Unit>
<Unit filename="../../../../apps/common/update/uart_update_master.c"><Option compilerVer="CC"/></Unit>
<Unit filename="../../../../apps/common/update/update.c"><Option compilerVer="CC"/></Unit>
<Unit filename="../../../../cpu/br30_develop/adc_api.c"><Option compilerVer="CC"/></Unit>
<Unit filename="../../../../cpu/br30_develop/audio_common/app_audio.c"><Option compilerVer="CC"/></Unit>
<Unit filename="../../../../cpu/br30_develop/audio_common/audio_iis.c"><Option compilerVer="CC"/></Unit>
<Unit filename="../../../../cpu/br30_develop/audio_common/audio_iis.h" />
<Unit filename="../../../../cpu/br30_develop/audio_common/audio_link.c"><Option compilerVer="CC"/></Unit>
<Unit filename="../../../../cpu/br30_develop/audio_common/audio_link.h" />
<Unit filename="../../../../cpu/br30_develop/audio_config.h" />
<Unit filename="../../../../cpu/br30_develop/audio_effect/audio_eq_drc_demo.c"><Option compilerVer="CC"/></Unit>
<Unit filename="../../../../cpu/br30_develop/audio_effect/audio_eq_drc_demo.h" />
<Unit filename="../../../../cpu/br30_develop/audio_effect/eq_config.c"><Option compilerVer="CC"/></Unit>
<Unit filename="../../../../cpu/br30_develop/audio_mic_capless.c"><Option compilerVer="CC"/></Unit>
<Unit filename="../../../../cpu/br30_develop/audio_sound_dac.c"><Option compilerVer="CC"/></Unit>
<Unit filename="../../../../cpu/br30_develop/audio_sound_dac.h" />
<Unit filename="../../../../cpu/br30_develop/charge.c"><Option compilerVer="CC"/></Unit>
<Unit filename="../../../../cpu/br30_develop/chargestore.c"><Option compilerVer="CC"/></Unit>
<Unit filename="../../../../cpu/br30_develop/clock_cfg.h" />
<Unit filename="../../../../cpu/br30_develop/clock_manager.c"><Option compilerVer="CC"/></Unit>
<Unit filename="../../../../cpu/br30_develop/iic_eeprom_test.c"><Option compilerVer="CC"/></Unit>
<Unit filename="../../../../cpu/br30_develop/iic_slave_test.c"><Option compilerVer="CC"/></Unit>
<Unit filename="../../../../cpu/br30_develop/iic_soft.c"><Option compilerVer="CC"/></Unit>
<Unit filename="../../../../cpu/br30_develop/overlay_code.c"><Option compilerVer="CC"/></Unit>
<Unit filename="../../../../cpu/br30_develop/overlay_code.h" />
<Unit filename="../../../../cpu/br30_develop/pwm_led.c"><Option compilerVer="CC"/></Unit>
<Unit filename="../../../../cpu/br30_develop/setup.c"><Option compilerVer="CC"/></Unit>
<Unit filename="../../../../cpu/br30_develop/spi_test.c"><Option compilerVer="CC"/></Unit>
<Unit filename="../../../../cpu/br30_develop/uart_bt_product.c"><Option compilerVer="CC"/></Unit>
<Unit filename="../../../../cpu/br30_develop/uart_dev.c"><Option compilerVer="CC"/></Unit>
<Unit filename="../../../../cpu/br30_develop/uart_test.c"><Option compilerVer="CC"/></Unit>
<Unit filename="../../../../include_lib/btctrler/ble/hci_ll.h" />
<Unit filename="../../../../include_lib/btctrler/ble/ll_config.h" />
<Unit filename="../../../../include_lib/btctrler/btcontroller_mode.h" />
<Unit filename="../../../../include_lib/btctrler/btcontroller_modules.h" />
<Unit filename="../../../../include_lib/btctrler/btctrler_task.h" />
<Unit filename="../../../../include_lib/btctrler/classic/hci_lmp.h" />
<Unit filename="../../../../include_lib/btctrler/classic/lmp_config.h" />
<Unit filename="../../../../include_lib/btctrler/classic/tws_api.h" />
<Unit filename="../../../../include_lib/btctrler/classic/tws_data_trans.h" />
<Unit filename="../../../../include_lib/btctrler/classic/tws_event.h" />
<Unit filename="../../../../include_lib/btctrler/classic/tws_local_media_sync.h" />
<Unit filename="../../../../include_lib/btctrler/hci_transport.h" />
<Unit filename="../../../../include_lib/btctrler/port/br30/btcontroller_config.h" />
<Unit filename="../../../../include_lib/btstack/avctp_user.h" />
<Unit filename="../../../../include_lib/btstack/bluetooth.h" />
<Unit filename="../../../../include_lib/btstack/bt_profile_config.h" />
<Unit filename="../../../../include_lib/btstack/btstack_error.h" />
<Unit filename="../../../../include_lib/btstack/btstack_event.h" />
<Unit filename="../../../../include_lib/btstack/btstack_task.h" />
<Unit filename="../../../../include_lib/btstack/btstack_typedef.h" />
<Unit filename="../../../../include_lib/btstack/le/att.h" />
<Unit filename="../../../../include_lib/btstack/le/ble_api.h" />
<Unit filename="../../../../include_lib/btstack/le/ble_data_types.h" />
<Unit filename="../../../../include_lib/btstack/le/gatt.h" />
<Unit filename="../../../../include_lib/btstack/le/le_common_define.h" />
<Unit filename="../../../../include_lib/btstack/le/le_user.h" />
<Unit filename="../../../../include_lib/btstack/le/sm.h" />
<Unit filename="../../../../include_lib/btstack/third_party/common/ble_user.h" />
<Unit filename="../../../../include_lib/btstack/third_party/common/spp_user.h" />
<Unit filename="../../../../include_lib/btstack/third_party/rcsp/JL_rcsp_api.h" />
<Unit filename="../../../../include_lib/btstack/third_party/wireless_mic/wl_mic_api.h" />
<Unit filename="../../../../include_lib/driver/cpu/br30/asm/adc_api.h" />
<Unit filename="../../../../include_lib/driver/cpu/br30/asm/br30.h" />
<Unit filename="../../../../include_lib/driver/cpu/br30/asm/cache.h" />
<Unit filename="../../../../include_lib/driver/cpu/br30/asm/charge.h" />
<Unit filename="../../../../include_lib/driver/cpu/br30/asm/chargestore.h" />
<Unit filename="../../../../include_lib/driver/cpu/br30/asm/clock.h" />
<Unit filename="../../../../include_lib/driver/cpu/br30/asm/clock_define.h" />
<Unit filename="../../../../include_lib/driver/cpu/br30/asm/clock_hw.h" />
<Unit filename="../../../../include_lib/driver/cpu/br30/asm/cpu.h" />
<Unit filename="../../../../include_lib/driver/cpu/br30/asm/crc16.h" />
<Unit filename="../../../../include_lib/driver/cpu/br30/asm/csfr.h" />
<Unit filename="../../../../include_lib/driver/cpu/br30/asm/debug.h" />
<Unit filename="../../../../include_lib/driver/cpu/br30/asm/efuse.h" />
<Unit filename="../../../../include_lib/driver/cpu/br30/asm/gpio.h" />
<Unit filename="../../../../include_lib/driver/cpu/br30/asm/hwi.h" />
<Unit filename="../../../../include_lib/driver/cpu/br30/asm/iic_hw.h" />
<Unit filename="../../../../include_lib/driver/cpu/br30/asm/iic_soft.h" />
<Unit filename="../../../../include_lib/driver/cpu/br30/asm/iis.h" />
<Unit filename="../../../../include_lib/driver/cpu/br30/asm/includes.h" />
<Unit filename="../../../../include_lib/driver/cpu/br30/asm/io_imap.h" />
<Unit filename="../../../../include_lib/driver/cpu/br30/asm/io_omap.h" />
<Unit filename="../../../../include_lib/driver/cpu/br30/asm/irflt.h" />
<Unit filename="../../../../include_lib/driver/cpu/br30/asm/irq.h" />
<Unit filename="../../../../include_lib/driver/cpu/br30/asm/plcnt.h" />
<Unit filename="../../../../include_lib/driver/cpu/br30/asm/power/p11.h" />
<Unit filename="../../../../include_lib/driver/cpu/br30/asm/power/p33.h" />
<Unit filename="../../../../include_lib/driver/cpu/br30/asm/power_interface.h" />
<Unit filename="../../../../include_lib/driver/cpu/br30/asm/pwm_led.h" />
<Unit filename="../../../../include_lib/driver/cpu/br30/asm/rdec.h" />
<Unit filename="../../../../include_lib/driver/cpu/br30/asm/rtc.h" />
<Unit filename="../../../../include_lib/driver/cpu/br30/asm/sdmmc.h" />
<Unit filename="../../../../include_lib/driver/cpu/br30/asm/sfc_norflash_api.h" />
<Unit filename="../../../../include_lib/driver/cpu/br30/asm/spi.h" />
<Unit filename="../../../../include_lib/driver/cpu/br30/asm/spiflash.h" />
<Unit filename="../../../../include_lib/driver/cpu/br30/asm/timer.h" />
<Unit filename="../../../../include_lib/driver/cpu/br30/asm/uart.h" />
<Unit filename="../../../../include_lib/driver/cpu/br30/asm/uart_dev.h" />
<Unit filename="../../../../include_lib/driver/cpu/br30/asm/usb.h" />
<Unit filename="../../../../include_lib/driver/cpu/br30/asm/wdt.h" />
<Unit filename="../../../../include_lib/driver/device/sdio_host_init.h" />
<Unit filename="../../../../include_lib/driver/device/sdmmc.h" />
<Unit filename="../../../../include_lib/driver/device/spiflash.h" />
<Unit filename="../../../../include_lib/driver/device/uart.h" />
<Unit filename="../../../../include_lib/driver/device/usb/ch9.h" />
<Unit filename="../../../../include_lib/driver/device/usb/device/custom_hid.h" />
<Unit filename="../../../../include_lib/driver/device/usb/device/descriptor.h" />
<Unit filename="../../../../include_lib/driver/device/usb/device/hid.h" />
<Unit filename="../../../../include_lib/driver/device/usb/device/msd.h" />
<Unit filename="../../../../include_lib/driver/device/usb/device/uac_audio.h" />
<Unit filename="../../../../include_lib/driver/device/usb/device/usb_stack.h" />
<Unit filename="../../../../include_lib/driver/device/usb/host/usb_host.h" />
<Unit filename="../../../../include_lib/driver/device/usb/otg.h" />
<Unit filename="../../../../include_lib/driver/device/usb/scsi.h" />
<Unit filename="../../../../include_lib/driver/device/usb/usb_phy.h" />
<Unit filename="../../../../include_lib/media/HighSampleRate_SMS.h" />
<Unit filename="../../../../include_lib/media/audio_eq_drc_apply.h" />
<Unit filename="../../../../include_lib/media/audio_howling.h" />
<Unit filename="../../../../include_lib/media/audio_llns.h" />
<Unit filename="../../../../include_lib/media/audio_noisegate.h" />
<Unit filename="../../../../include_lib/media/audio_stream.h" />
<Unit filename="../../../../include_lib/media/audio_voice_changer.h" />
<Unit filename="../../../../include_lib/media/eq_func_define.h" />
<Unit filename="../../../../include_lib/media/howling_api.h" />
<Unit filename="../../../../include_lib/media/howling_pitchshifter_api.h" />
<Unit filename="../../../../include_lib/media/media_develop/media/anc_btspp.h" />
<Unit filename="../../../../include_lib/media/media_develop/media/application/audio_buf_sync.h" />
<Unit filename="../../../../include_lib/media/media_develop/media/application/audio_dig_vol.h" />
<Unit filename="../../../../include_lib/media/media_develop/media/application/audio_drc.h" />
<Unit filename="../../../../include_lib/media/media_develop/media/application/audio_energy_detect.h" />
<Unit filename="../../../../include_lib/media/media_develop/media/application/audio_eq.h" />
<Unit filename="../../../../include_lib/media/media_develop/media/application/audio_eq_drc_apply.h" />
<Unit filename="../../../../include_lib/media/media_develop/media/application/audio_howling.h" />
<Unit filename="../../../../include_lib/media/media_develop/media/application/audio_output_dac.h" />
<Unit filename="../../../../include_lib/media/media_develop/media/application/eq_config.h" />
<Unit filename="../../../../include_lib/media/media_develop/media/application/eq_func_define.h" />
<Unit filename="../../../../include_lib/media/media_develop/media/application/reverb_api.h" />
<Unit filename="../../../../include_lib/media/media_develop/media/audio_base.h" />
<Unit filename="../../../../include_lib/media/media_develop/media/audio_cfifo.h" />
<Unit filename="../../../../include_lib/media/media_develop/media/audio_decoder.h" />
<Unit filename="../../../../include_lib/media/media_develop/media/audio_encoder.h" />
<Unit filename="../../../../include_lib/media/media_develop/media/audio_resample.h" />
<Unit filename="../../../../include_lib/media/media_develop/media/audio_splicing.h" />
<Unit filename="../../../../include_lib/media/media_develop/media/automute.h" />
<Unit filename="../../../../include_lib/media/media_develop/media/channel_switch.h" />
<Unit filename="../../../../include_lib/media/media_develop/media/cpu/br30/asm/anc.h" />
<Unit filename="../../../../include_lib/media/media_develop/media/cpu/br30/asm/audio_adc.h" />
<Unit filename="../../../../include_lib/media/media_develop/media/cpu/br30/asm/audio_linein.h" />
<Unit filename="../../../../include_lib/media/media_develop/media/cpu/br30/asm/audio_src.h" />
<Unit filename="../../../../include_lib/media/media_develop/media/cpu/br30/asm/audio_src_base.h" />
<Unit filename="../../../../include_lib/media/media_develop/media/cpu/br30/asm/audio_sync.h" />
<Unit filename="../../../../include_lib/media/media_develop/media/cpu/br30/asm/cpu_includes.h" />
<Unit filename="../../../../include_lib/media/media_develop/media/cpu/br30/asm/dac.h" />
<Unit filename="../../../../include_lib/media/media_develop/media/cpu/br30/asm/hw_eq.h" />
<Unit filename="../../../../include_lib/media/media_develop/media/cpu/br30/asm/pemafrow_api.h" />
<Unit filename="../../../../include_lib/media/media_develop/media/cpu/br30/commproc.h" />
<Unit filename="../../../../include_lib/media/media_develop/media/drc_api.h" />
<Unit filename="../../../../include_lib/media/media_develop/media/effectrs_sync.h" />
<Unit filename="../../../../include_lib/media/media_develop/media/esco_decoder.h" />
<Unit filename="../../../../include_lib/media/media_develop/media/hw_fft.h" />
<Unit filename="../../../../include_lib/media/media_develop/media/includes.h" />
<Unit filename="../../../../include_lib/media/media_develop/media/mixer.h" />
<Unit filename="../../../../include_lib/media/media_develop/media/pcm_decoder.h" />
<Unit filename="../../../../include_lib/media/media_develop/media/sbc_enc.h" />
<Unit filename="../../../../include_lib/media/media_develop/media/sw_drc.h" />
<Unit filename="../../../../include_lib/media/noisegate_api.h" />
<Unit filename="../../../../include_lib/media/sound/pcm.h" />
<Unit filename="../../../../include_lib/media/sound/sound.h" />
<Unit filename="../../../../include_lib/media/voiceChanger_api.h" />
<Unit filename="../../../../include_lib/system/app_core.h" />
<Unit filename="../../../../include_lib/system/app_msg.h" />
<Unit filename="../../../../include_lib/system/apple_dock/iAP.h" />
<Unit filename="../../../../include_lib/system/apple_dock/iAP2.h" />
<Unit filename="../../../../include_lib/system/apple_dock/iAP_device.h" />
<Unit filename="../../../../include_lib/system/apple_dock/iAP_iic.h" />
<Unit filename="../../../../include_lib/system/bank_switch.h" />
<Unit filename="../../../../include_lib/system/boot.h" />
<Unit filename="../../../../include_lib/system/config/config_interface.h" />
<Unit filename="../../../../include_lib/system/config/config_target.h" />
<Unit filename="../../../../include_lib/system/config/config_transport.h" />
<Unit filename="../../../../include_lib/system/database.h" />
<Unit filename="../../../../include_lib/system/debug.h" />
<Unit filename="../../../../include_lib/system/device/adkey.h" />
<Unit filename="../../../../include_lib/system/device/device.h" />
<Unit filename="../../../../include_lib/system/device/device_drive.h" />
<Unit filename="../../../../include_lib/system/device/includes.h" />
<Unit filename="../../../../include_lib/system/device/ioctl_cmds.h" />
<Unit filename="../../../../include_lib/system/device/iokey.h" />
<Unit filename="../../../../include_lib/system/device/irkey.h" />
<Unit filename="../../../../include_lib/system/device/key_driver.h" />
<Unit filename="../../../../include_lib/system/device/rdec_key.h" />
<Unit filename="../../../../include_lib/system/device/slidekey.h" />
<Unit filename="../../../../include_lib/system/device/tent600_key.h" />
<Unit filename="../../../../include_lib/system/device/touch_key.h" />
<Unit filename="../../../../include_lib/system/device/vm.h" />
<Unit filename="../../../../include_lib/system/event.h" />
<Unit filename="../../../../include_lib/system/fs/fs.h" />
<Unit filename="../../../../include_lib/system/fs/fs_file_name.h" />
<Unit filename="../../../../include_lib/system/fs/sdfile.h" />
<Unit filename="../../../../include_lib/system/fs/virfat_flash.h" />
<Unit filename="../../../../include_lib/system/generic/ascii.h" />
<Unit filename="../../../../include_lib/system/generic/atomic.h" />
<Unit filename="../../../../include_lib/system/generic/circular_buf.h" />
<Unit filename="../../../../include_lib/system/generic/cpu.h" />
<Unit filename="../../../../include_lib/system/generic/debug_lite.h" />
<Unit filename="../../../../include_lib/system/generic/errno-base.h" />
<Unit filename="../../../../include_lib/system/generic/gpio.h" />
<Unit filename="../../../../include_lib/system/generic/includes.h" />
<Unit filename="../../../../include_lib/system/generic/index.h" />
<Unit filename="../../../../include_lib/system/generic/ioctl.h" />
<Unit filename="../../../../include_lib/system/generic/irq.h" />
<Unit filename="../../../../include_lib/system/generic/jiffies.h" />
<Unit filename="../../../../include_lib/system/generic/lbuf.h" />
<Unit filename="../../../../include_lib/system/generic/lbuf_lite.h" />
<Unit filename="../../../../include_lib/system/generic/list.h" />
<Unit filename="../../../../include_lib/system/generic/log.h" />
<Unit filename="../../../../include_lib/system/generic/printf.h" />
<Unit filename="../../../../include_lib/system/generic/rect.h" />
<Unit filename="../../../../include_lib/system/generic/typedef.h" />
<Unit filename="../../../../include_lib/system/generic/version.h" />
<Unit filename="../../../../include_lib/system/includes.h" />
<Unit filename="../../../../include_lib/system/init.h" />
<Unit filename="../../../../include_lib/system/malloc.h" />
<Unit filename="../../../../include_lib/system/os/FreeRTOS/FreeRTOS.h" />
<Unit filename="../../../../include_lib/system/os/FreeRTOS/FreeRTOSConfig.h" />
<Unit filename="../../../../include_lib/system/os/FreeRTOS/deprecated_definitions.h" />
<Unit filename="../../../../include_lib/system/os/FreeRTOS/list.h" />
<Unit filename="../../../../include_lib/system/os/FreeRTOS/mpu_wrappers.h" />
<Unit filename="../../../../include_lib/system/os/FreeRTOS/pi32v2/portmacro.h" />
<Unit filename="../../../../include_lib/system/os/FreeRTOS/portable.h" />
<Unit filename="../../../../include_lib/system/os/FreeRTOS/projdefs.h" />
<Unit filename="../../../../include_lib/system/os/FreeRTOS/queue.h" />
<Unit filename="../../../../include_lib/system/os/FreeRTOS/semphr.h" />
<Unit filename="../../../../include_lib/system/os/FreeRTOS/task.h" />
<Unit filename="../../../../include_lib/system/os/os_api.h" />
<Unit filename="../../../../include_lib/system/os/os_cpu.h" />
<Unit filename="../../../../include_lib/system/os/os_error.h" />
<Unit filename="../../../../include_lib/system/os/os_type.h" />
<Unit filename="../../../../include_lib/system/power_manage.h" />
<Unit filename="../../../../include_lib/system/server/server_core.h" />
<Unit filename="../../../../include_lib/system/spi/nor_fs.h" />
<Unit filename="../../../../include_lib/system/spinlock.h" />
<Unit filename="../../../../include_lib/system/sys_time.h" />
<Unit filename="../../../../include_lib/system/syscfg_id.h" />
<Unit filename="../../../../include_lib/system/task.h" />
<Unit filename="../../../../include_lib/system/timer.h" />
<Unit filename="../../../../include_lib/system/ui/res/resfile.h" />
<Unit filename="../../../../include_lib/system/user_cfg.h" />
<Unit filename="../../../../include_lib/system/wait.h" />
<Unit filename="../../../../include_lib/update/dual_bank_updata_api.h" />
<Unit filename="../../../../include_lib/update/uart_update.h" />
<Unit filename="../../../../include_lib/update/update.h" />
<Unit filename="../../../../include_lib/update/update_loader_download.h" />
</Project>
</CodeBlocks_project_file>
